
Microsoft Visual Studio Solution File, Format Version 12.00
# Visual Studio 15
VisualStudioVersion = 15.0.27004.2005
MinimumVisualStudioVersion = 10.0.40219.1
Project("{FAE04EC0-301F-11D3-BF4B-00C04F79EFBC}") = "XamarinFormsFirst.Android", "XamarinFormsFirst\XamarinFormsFirst.Android\XamarinFormsFirst.Android.csproj", "{D8B564A8-5484-469A-BE6A-2ECB3B981EDC}"
EndProject
Project("{FAE04EC0-301F-11D3-BF4B-00C04F79EFBC}") = "XamarinFormsFirst", "XamarinFormsFirst\XamarinFormsFirst\XamarinFormsFirst.csproj", "{541E795D-3BA3-483F-B0E3-1CD336EB2A84}"
EndProject
Project("{FAE04EC0-301F-11D3-BF4B-00C04F79EFBC}") = "XamarinFormsFirst.UWP", "XamarinFormsFirst\XamarinFormsFirst.UWP\XamarinFormsFirst.UWP.csproj", "{3FE02870-595B-46E1-B8E4-73D127A989D2}"
EndProject
Project("{FAE04EC0-301F-11D3-BF4B-00C04F79EFBC}") = "XamarinFormsFirst.iOS", "XamarinFormsFirst\XamarinFormsFirst.iOS\XamarinFormsFirst.iOS.csproj", "{808B65F4-13F8-47CB-AF3B-032BAB12E83D}"
EndProject
Global
	GlobalSection(SolutionConfigurationPlatforms) = preSolution
		Ad-Hoc|Any CPU = Ad-Hoc|Any CPU
		Ad-Hoc|ARM = Ad-Hoc|ARM
		Ad-Hoc|iPhone = Ad-Hoc|iPhone
		Ad-Hoc|iPhoneSimulator = Ad-Hoc|iPhoneSimulator
		Ad-Hoc|x64 = Ad-Hoc|x64
		Ad-Hoc|x86 = Ad-Hoc|x86
		AppStore|Any CPU = AppStore|Any CPU
		AppStore|ARM = AppStore|ARM
		AppStore|iPhone = AppStore|iPhone
		AppStore|iPhoneSimulator = AppStore|iPhoneSimulator
		AppStore|x64 = AppStore|x64
		AppStore|x86 = AppStore|x86
		Debug|Any CPU = Debug|Any CPU
		Debug|ARM = Debug|ARM
		Debug|iPhone = Debug|iPhone
		Debug|iPhoneSimulator = Debug|iPhoneSimulator
		Debug|x64 = Debug|x64
		Debug|x86 = Debug|x86
		Release|Any CPU = Release|Any CPU
		Release|ARM = Release|ARM
		Release|iPhone = Release|iPhone
		Release|iPhoneSimulator = Release|iPhoneSimulator
		Release|x64 = Release|x64
		Release|x86 = Release|x86
	EndGlobalSection
	GlobalSection(ProjectConfigurationPlatforms) = postSolution
		{D8B564A8-5484-469A-BE6A-2ECB3B981EDC}.Ad-Hoc|Any CPU.ActiveCfg = Release|Any CPU
		{D8B564A8-5484-469A-BE6A-2ECB3B981EDC}.Ad-Hoc|Any CPU.Build.0 = Release|Any CPU
		{D8B564A8-5484-469A-BE6A-2ECB3B981EDC}.Ad-Hoc|Any CPU.Deploy.0 = Release|Any CPU
		{D8B564A8-5484-469A-BE6A-2ECB3B981EDC}.Ad-Hoc|ARM.ActiveCfg = Release|Any CPU
		{D8B564A8-5484-469A-BE6A-2ECB3B981EDC}.Ad-Hoc|ARM.Build.0 = Release|Any CPU
		{D8B564A8-5484-469A-BE6A-2ECB3B981EDC}.Ad-Hoc|ARM.Deploy.0 = Release|Any CPU
		{D8B564A8-5484-469A-BE6A-2ECB3B981EDC}.Ad-Hoc|iPhone.ActiveCfg = Release|Any CPU
		{D8B564A8-5484-469A-BE6A-2ECB3B981EDC}.Ad-Hoc|iPhone.Build.0 = Release|Any CPU
		{D8B564A8-5484-469A-BE6A-2ECB3B981EDC}.Ad-Hoc|iPhone.Deploy.0 = Release|Any CPU
		{D8B564A8-5484-469A-BE6A-2ECB3B981EDC}.Ad-Hoc|iPhoneSimulator.ActiveCfg = Release|Any CPU
		{D8B564A8-5484-469A-BE6A-2ECB3B981EDC}.Ad-Hoc|iPhoneSimulator.Build.0 = Release|Any CPU
		{D8B564A8-5484-469A-BE6A-2ECB3B981EDC}.Ad-Hoc|iPhoneSimulator.Deploy.0 = Release|Any CPU
		{D8B564A8-5484-469A-BE6A-2ECB3B981EDC}.Ad-Hoc|x64.ActiveCfg = Release|Any CPU
		{D8B564A8-5484-469A-BE6A-2ECB3B981EDC}.Ad-Hoc|x64.Build.0 = Release|Any CPU
		{D8B564A8-5484-469A-BE6A-2ECB3B981EDC}.Ad-Hoc|x64.Deploy.0 = Release|Any CPU
		{D8B564A8-5484-469A-BE6A-2ECB3B981EDC}.Ad-Hoc|x86.ActiveCfg = Release|Any CPU
		{D8B564A8-5484-469A-BE6A-2ECB3B981EDC}.Ad-Hoc|x86.Build.0 = Release|Any CPU
		{D8B564A8-5484-469A-BE6A-2ECB3B981EDC}.Ad-Hoc|x86.Deploy.0 = Release|Any CPU
		{D8B564A8-5484-469A-BE6A-2ECB3B981EDC}.AppStore|Any CPU.ActiveCfg = Release|Any CPU
		{D8B564A8-5484-469A-BE6A-2ECB3B981EDC}.AppStore|Any CPU.Build.0 = Release|Any CPU
		{D8B564A8-5484-469A-BE6A-2ECB3B981EDC}.AppStore|Any CPU.Deploy.0 = Release|Any CPU
		{D8B564A8-5484-469A-BE6A-2ECB3B981EDC}.AppStore|ARM.ActiveCfg = Release|Any CPU
		{D8B564A8-5484-469A-BE6A-2ECB3B981EDC}.AppStore|ARM.Build.0 = Release|Any CPU
		{D8B564A8-5484-469A-BE6A-2ECB3B981EDC}.AppStore|ARM.Deploy.0 = Release|Any CPU
		{D8B564A8-5484-469A-BE6A-2ECB3B981EDC}.AppStore|iPhone.ActiveCfg = Release|Any CPU
		{D8B564A8-5484-469A-BE6A-2ECB3B981EDC}.AppStore|iPhone.Build.0 = Release|Any CPU
		{D8B564A8-5484-469A-BE6A-2ECB3B981EDC}.AppStore|iPhone.Deploy.0 = Release|Any CPU
		{D8B564A8-5484-469A-BE6A-2ECB3B981EDC}.AppStore|iPhoneSimulator.ActiveCfg = Release|Any CPU
		{D8B564A8-5484-469A-BE6A-2ECB3B981EDC}.AppStore|iPhoneSimulator.Build.0 = Release|Any CPU
		{D8B564A8-5484-469A-BE6A-2ECB3B981EDC}.AppStore|iPhoneSimulator.Deploy.0 = Release|Any CPU
		{D8B564A8-5484-469A-BE6A-2ECB3B981EDC}.AppStore|x64.ActiveCfg = Release|Any CPU
		{D8B564A8-5484-469A-BE6A-2ECB3B981EDC}.AppStore|x64.Build.0 = Release|Any CPU
		{D8B564A8-5484-469A-BE6A-2ECB3B981EDC}.AppStore|x64.Deploy.0 = Release|Any CPU
		{D8B564A8-5484-469A-BE6A-2ECB3B981EDC}.AppStore|x86.ActiveCfg = Release|Any CPU
		{D8B564A8-5484-469A-BE6A-2ECB3B981EDC}.AppStore|x86.Build.0 = Release|Any CPU
		{D8B564A8-5484-469A-BE6A-2ECB3B981EDC}.AppStore|x86.Deploy.0 = Release|Any CPU
		{D8B564A8-5484-469A-BE6A-2ECB3B981EDC}.Debug|Any CPU.ActiveCfg = Debug|Any CPU
		{D8B564A8-5484-469A-BE6A-2ECB3B981EDC}.Debug|Any CPU.Build.0 = Debug|Any CPU
		{D8B564A8-5484-469A-BE6A-2ECB3B981EDC}.Debug|Any CPU.Deploy.0 = Debug|Any CPU
		{D8B564A8-5484-469A-BE6A-2ECB3B981EDC}.Debug|ARM.ActiveCfg = Debug|Any CPU
		{D8B564A8-5484-469A-BE6A-2ECB3B981EDC}.Debug|ARM.Build.0 = Debug|Any CPU
		{D8B564A8-5484-469A-BE6A-2ECB3B981EDC}.Debug|ARM.Deploy.0 = Debug|Any CPU
		{D8B564A8-5484-469A-BE6A-2ECB3B981EDC}.Debug|iPhone.ActiveCfg = Debug|Any CPU
		{D8B564A8-5484-469A-BE6A-2ECB3B981EDC}.Debug|iPhone.Build.0 = Debug|Any CPU
		{D8B564A8-5484-469A-BE6A-2ECB3B981EDC}.Debug|iPhone.Deploy.0 = Debug|Any CPU
		{D8B564A8-5484-469A-BE6A-2ECB3B981EDC}.Debug|iPhoneSimulator.ActiveCfg = Debug|Any CPU
		{D8B564A8-5484-469A-BE6A-2ECB3B981EDC}.Debug|iPhoneSimulator.Build.0 = Debug|Any CPU
		{D8B564A8-5484-469A-BE6A-2ECB3B981EDC}.Debug|iPhoneSimulator.Deploy.0 = Debug|Any CPU
		{D8B564A8-5484-469A-BE6A-2ECB3B981EDC}.Debug|x64.ActiveCfg = Debug|Any CPU
		{D8B564A8-5484-469A-BE6A-2ECB3B981EDC}.Debug|x64.Build.0 = Debug|Any CPU
		{D8B564A8-5484-469A-BE6A-2ECB3B981EDC}.Debug|x64.Deploy.0 = Debug|Any CPU
		{D8B564A8-5484-469A-BE6A-2ECB3B981EDC}.Debug|x86.ActiveCfg = Debug|Any CPU
		{D8B564A8-5484-469A-BE6A-2ECB3B981EDC}.Debug|x86.Build.0 = Debug|Any CPU
		{D8B564A8-5484-469A-BE6A-2ECB3B981EDC}.Debug|x86.Deploy.0 = Debug|Any CPU
		{D8B564A8-5484-469A-BE6A-2ECB3B981EDC}.Release|Any CPU.ActiveCfg = Release|Any CPU
		{D8B564A8-5484-469A-BE6A-2ECB3B981EDC}.Release|Any CPU.Build.0 = Release|Any CPU
		{D8B564A8-5484-469A-BE6A-2ECB3B981EDC}.Release|Any CPU.Deploy.0 = Release|Any CPU
		{D8B564A8-5484-469A-BE6A-2ECB3B981EDC}.Release|ARM.ActiveCfg = Release|Any CPU
		{D8B564A8-5484-469A-BE6A-2ECB3B981EDC}.Release|ARM.Build.0 = Release|Any CPU
		{D8B564A8-5484-469A-BE6A-2ECB3B981EDC}.Release|ARM.Deploy.0 = Release|Any CPU
		{D8B564A8-5484-469A-BE6A-2ECB3B981EDC}.Release|iPhone.ActiveCfg = Release|Any CPU
		{D8B564A8-5484-469A-BE6A-2ECB3B981EDC}.Release|iPhone.Build.0 = Release|Any CPU
		{D8B564A8-5484-469A-BE6A-2ECB3B981EDC}.Release|iPhone.Deploy.0 = Release|Any CPU
		{D8B564A8-5484-469A-BE6A-2ECB3B981EDC}.Release|iPhoneSimulator.ActiveCfg = Release|Any CPU
		{D8B564A8-5484-469A-BE6A-2ECB3B981EDC}.Release|iPhoneSimulator.Build.0 = Release|Any CPU
		{D8B564A8-5484-469A-BE6A-2ECB3B981EDC}.Release|iPhoneSimulator.Deploy.0 = Release|Any CPU
		{D8B564A8-5484-469A-BE6A-2ECB3B981EDC}.Release|x64.ActiveCfg = Release|Any CPU
		{D8B564A8-5484-469A-BE6A-2ECB3B981EDC}.Release|x64.Build.0 = Release|Any CPU
		{D8B564A8-5484-469A-BE6A-2ECB3B981EDC}.Release|x64.Deploy.0 = Release|Any CPU
		{D8B564A8-5484-469A-BE6A-2ECB3B981EDC}.Release|x86.ActiveCfg = Release|Any CPU
		{D8B564A8-5484-469A-BE6A-2ECB3B981EDC}.Release|x86.Build.0 = Release|Any CPU
		{D8B564A8-5484-469A-BE6A-2ECB3B981EDC}.Release|x86.Deploy.0 = Release|Any CPU
		{541E795D-3BA3-483F-B0E3-1CD336EB2A84}.Ad-Hoc|Any CPU.ActiveCfg = Release|Any CPU
		{541E795D-3BA3-483F-B0E3-1CD336EB2A84}.Ad-Hoc|Any CPU.Build.0 = Release|Any CPU
		{541E795D-3BA3-483F-B0E3-1CD336EB2A84}.Ad-Hoc|ARM.ActiveCfg = Release|Any CPU
		{541E795D-3BA3-483F-B0E3-1CD336EB2A84}.Ad-Hoc|ARM.Build.0 = Release|Any CPU
		{541E795D-3BA3-483F-B0E3-1CD336EB2A84}.Ad-Hoc|iPhone.ActiveCfg = Release|Any CPU
		{541E795D-3BA3-483F-B0E3-1CD336EB2A84}.Ad-Hoc|iPhone.Build.0 = Release|Any CPU
		{541E795D-3BA3-483F-B0E3-1CD336EB2A84}.Ad-Hoc|iPhoneSimulator.ActiveCfg = Release|Any CPU
		{541E795D-3BA3-483F-B0E3-1CD336EB2A84}.Ad-Hoc|iPhoneSimulator.Build.0 = Release|Any CPU
		{541E795D-3BA3-483F-B0E3-1CD336EB2A84}.Ad-Hoc|x64.ActiveCfg = Release|Any CPU
		{541E795D-3BA3-483F-B0E3-1CD336EB2A84}.Ad-Hoc|x64.Build.0 = Release|Any CPU
		{541E795D-3BA3-483F-B0E3-1CD336EB2A84}.Ad-Hoc|x86.ActiveCfg = Release|Any CPU
		{541E795D-3BA3-483F-B0E3-1CD336EB2A84}.Ad-Hoc|x86.Build.0 = Release|Any CPU
		{541E795D-3BA3-483F-B0E3-1CD336EB2A84}.AppStore|Any CPU.ActiveCfg = Release|Any CPU
		{541E795D-3BA3-483F-B0E3-1CD336EB2A84}.AppStore|Any CPU.Build.0 = Release|Any CPU
		{541E795D-3BA3-483F-B0E3-1CD336EB2A84}.AppStore|ARM.ActiveCfg = Release|Any CPU
		{541E795D-3BA3-483F-B0E3-1CD336EB2A84}.AppStore|ARM.Build.0 = Release|Any CPU
		{541E795D-3BA3-483F-B0E3-1CD336EB2A84}.AppStore|iPhone.ActiveCfg = Release|Any CPU
		{541E795D-3BA3-483F-B0E3-1CD336EB2A84}.AppStore|iPhone.Build.0 = Release|Any CPU
		{541E795D-3BA3-483F-B0E3-1CD336EB2A84}.AppStore|iPhoneSimulator.ActiveCfg = Release|Any CPU
		{541E795D-3BA3-483F-B0E3-1CD336EB2A84}.AppStore|iPhoneSimulator.Build.0 = Release|Any CPU
		{541E795D-3BA3-483F-B0E3-1CD336EB2A84}.AppStore|x64.ActiveCfg = Release|Any CPU
		{541E795D-3BA3-483F-B0E3-1CD336EB2A84}.AppStore|x64.Build.0 = Release|Any CPU
		{541E795D-3BA3-483F-B0E3-1CD336EB2A84}.AppStore|x86.ActiveCfg = Release|Any CPU
		{541E795D-3BA3-483F-B0E3-1CD336EB2A84}.AppStore|x86.Build.0 = Release|Any CPU
		{541E795D-3BA3-483F-B0E3-1CD336EB2A84}.Debug|Any CPU.ActiveCfg = Debug|Any CPU
		{541E795D-3BA3-483F-B0E3-1CD336EB2A84}.Debug|Any CPU.Build.0 = Debug|Any CPU
		{541E795D-3BA3-483F-B0E3-1CD336EB2A84}.Debug|ARM.ActiveCfg = Debug|Any CPU
		{541E795D-3BA3-483F-B0E3-1CD336EB2A84}.Debug|ARM.Build.0 = Debug|Any CPU
		{541E795D-3BA3-483F-B0E3-1CD336EB2A84}.Debug|iPhone.ActiveCfg = Debug|Any CPU
		{541E795D-3BA3-483F-B0E3-1CD336EB2A84}.Debug|iPhone.Build.0 = Debug|Any CPU
		{541E795D-3BA3-483F-B0E3-1CD336EB2A84}.Debug|iPhoneSimulator.ActiveCfg = Debug|Any CPU
		{541E795D-3BA3-483F-B0E3-1CD336EB2A84}.Debug|iPhoneSimulator.Build.0 = Debug|Any CPU
		{541E795D-3BA3-483F-B0E3-1CD336EB2A84}.Debug|x64.ActiveCfg = Debug|Any CPU
		{541E795D-3BA3-483F-B0E3-1CD336EB2A84}.Debug|x64.Build.0 = Debug|Any CPU
		{541E795D-3BA3-483F-B0E3-1CD336EB2A84}.Debug|x86.ActiveCfg = Debug|Any CPU
		{541E795D-3BA3-483F-B0E3-1CD336EB2A84}.Debug|x86.Build.0 = Debug|Any CPU
		{541E795D-3BA3-483F-B0E3-1CD336EB2A84}.Release|Any CPU.ActiveCfg = Release|Any CPU
		{541E795D-3BA3-483F-B0E3-1CD336EB2A84}.Release|Any CPU.Build.0 = Release|Any CPU
		{541E795D-3BA3-483F-B0E3-1CD336EB2A84}.Release|ARM.ActiveCfg = Release|Any CPU
		{541E795D-3BA3-483F-B0E3-1CD336EB2A84}.Release|ARM.Build.0 = Release|Any CPU
		{541E795D-3BA3-483F-B0E3-1CD336EB2A84}.Release|iPhone.ActiveCfg = Release|Any CPU
		{541E795D-3BA3-483F-B0E3-1CD336EB2A84}.Release|iPhone.Build.0 = Release|Any CPU
		{541E795D-3BA3-483F-B0E3-1CD336EB2A84}.Release|iPhoneSimulator.ActiveCfg = Release|Any CPU
		{541E795D-3BA3-483F-B0E3-1CD336EB2A84}.Release|iPhoneSimulator.Build.0 = Release|Any CPU
		{541E795D-3BA3-483F-B0E3-1CD336EB2A84}.Release|x64.ActiveCfg = Release|Any CPU
		{541E795D-3BA3-483F-B0E3-1CD336EB2A84}.Release|x64.Build.0 = Release|Any CPU
		{541E795D-3BA3-483F-B0E3-1CD336EB2A84}.Release|x86.ActiveCfg = Release|Any CPU
		{541E795D-3BA3-483F-B0E3-1CD336EB2A84}.Release|x86.Build.0 = Release|Any CPU
		{3FE02870-595B-46E1-B8E4-73D127A989D2}.Ad-Hoc|Any CPU.ActiveCfg = Release|x86
		{3FE02870-595B-46E1-B8E4-73D127A989D2}.Ad-Hoc|Any CPU.Build.0 = Release|x86
		{3FE02870-595B-46E1-B8E4-73D127A989D2}.Ad-Hoc|Any CPU.Deploy.0 = Release|x86
		{3FE02870-595B-46E1-B8E4-73D127A989D2}.Ad-Hoc|ARM.ActiveCfg = Release|ARM
		{3FE02870-595B-46E1-B8E4-73D127A989D2}.Ad-Hoc|ARM.Build.0 = Release|ARM
		{3FE02870-595B-46E1-B8E4-73D127A989D2}.Ad-Hoc|ARM.Deploy.0 = Release|ARM
		{3FE02870-595B-46E1-B8E4-73D127A989D2}.Ad-Hoc|iPhone.ActiveCfg = Release|x86
		{3FE02870-595B-46E1-B8E4-73D127A989D2}.Ad-Hoc|iPhone.Build.0 = Release|x86
		{3FE02870-595B-46E1-B8E4-73D127A989D2}.Ad-Hoc|iPhone.Deploy.0 = Release|x86
		{3FE02870-595B-46E1-B8E4-73D127A989D2}.Ad-Hoc|iPhoneSimulator.ActiveCfg = Release|x86
		{3FE02870-595B-46E1-B8E4-73D127A989D2}.Ad-Hoc|iPhoneSimulator.Build.0 = Release|x86
		{3FE02870-595B-46E1-B8E4-73D127A989D2}.Ad-Hoc|iPhoneSimulator.Deploy.0 = Release|x86
		{3FE02870-595B-46E1-B8E4-73D127A989D2}.Ad-Hoc|x64.ActiveCfg = Release|x64
		{3FE02870-595B-46E1-B8E4-73D127A989D2}.Ad-Hoc|x64.Build.0 = Release|x64
		{3FE02870-595B-46E1-B8E4-73D127A989D2}.Ad-Hoc|x64.Deploy.0 = Release|x64
		{3FE02870-595B-46E1-B8E4-73D127A989D2}.Ad-Hoc|x86.ActiveCfg = Release|x86
		{3FE02870-595B-46E1-B8E4-73D127A989D2}.Ad-Hoc|x86.Build.0 = Release|x86
		{3FE02870-595B-46E1-B8E4-73D127A989D2}.Ad-Hoc|x86.Deploy.0 = Release|x86
		{3FE02870-595B-46E1-B8E4-73D127A989D2}.AppStore|Any CPU.ActiveCfg = Release|x86
		{3FE02870-595B-46E1-B8E4-73D127A989D2}.AppStore|Any CPU.Build.0 = Release|x86
		{3FE02870-595B-46E1-B8E4-73D127A989D2}.AppStore|Any CPU.Deploy.0 = Release|x86
		{3FE02870-595B-46E1-B8E4-73D127A989D2}.AppStore|ARM.ActiveCfg = Release|ARM
		{3FE02870-595B-46E1-B8E4-73D127A989D2}.AppStore|ARM.Build.0 = Release|ARM
		{3FE02870-595B-46E1-B8E4-73D127A989D2}.AppStore|ARM.Deploy.0 = Release|ARM
		{3FE02870-595B-46E1-B8E4-73D127A989D2}.AppStore|iPhone.ActiveCfg = Release|x86
		{3FE02870-595B-46E1-B8E4-73D127A989D2}.AppStore|iPhone.Build.0 = Release|x86
		{3FE02870-595B-46E1-B8E4-73D127A989D2}.AppStore|iPhone.Deploy.0 = Release|x86
		{3FE02870-595B-46E1-B8E4-73D127A989D2}.AppStore|iPhoneSimulator.ActiveCfg = Release|x86
		{3FE02870-595B-46E1-B8E4-73D127A989D2}.AppStore|iPhoneSimulator.Build.0 = Release|x86
		{3FE02870-595B-46E1-B8E4-73D127A989D2}.AppStore|iPhoneSimulator.Deploy.0 = Release|x86
		{3FE02870-595B-46E1-B8E4-73D127A989D2}.AppStore|x64.ActiveCfg = Release|x64
		{3FE02870-595B-46E1-B8E4-73D127A989D2}.AppStore|x64.Build.0 = Release|x64
		{3FE02870-595B-46E1-B8E4-73D127A989D2}.AppStore|x64.Deploy.0 = Release|x64
		{3FE02870-595B-46E1-B8E4-73D127A989D2}.AppStore|x86.ActiveCfg = Release|x86
		{3FE02870-595B-46E1-B8E4-73D127A989D2}.AppStore|x86.Build.0 = Release|x86
		{3FE02870-595B-46E1-B8E4-73D127A989D2}.AppStore|x86.Deploy.0 = Release|x86
		{3FE02870-595B-46E1-B8E4-73D127A989D2}.Debug|Any CPU.ActiveCfg = Debug|x86
		{3FE02870-595B-46E1-B8E4-73D127A989D2}.Debug|ARM.ActiveCfg = Debug|ARM
		{3FE02870-595B-46E1-B8E4-73D127A989D2}.Debug|ARM.Build.0 = Debug|ARM
		{3FE02870-595B-46E1-B8E4-73D127A989D2}.Debug|ARM.Deploy.0 = Debug|ARM
		{3FE02870-595B-46E1-B8E4-73D127A989D2}.Debug|iPhone.ActiveCfg = Debug|x86
		{3FE02870-595B-46E1-B8E4-73D127A989D2}.Debug|iPhoneSimulator.ActiveCfg = Debug|x86
		{3FE02870-595B-46E1-B8E4-73D127A989D2}.Debug|x64.ActiveCfg = Debug|x64
		{3FE02870-595B-46E1-B8E4-73D127A989D2}.Debug|x64.Build.0 = Debug|x64
		{3FE02870-595B-46E1-B8E4-73D127A989D2}.Debug|x64.Deploy.0 = Debug|x64
		{3FE02870-595B-46E1-B8E4-73D127A989D2}.Debug|x86.ActiveCfg = Debug|x86
		{3FE02870-595B-46E1-B8E4-73D127A989D2}.Debug|x86.Build.0 = Debug|x86
		{3FE02870-595B-46E1-B8E4-73D127A989D2}.Debug|x86.Deploy.0 = Debug|x86
		{3FE02870-595B-46E1-B8E4-73D127A989D2}.Release|Any CPU.ActiveCfg = Release|x86
		{3FE02870-595B-46E1-B8E4-73D127A989D2}.Release|ARM.ActiveCfg = Release|ARM
		{3FE02870-595B-46E1-B8E4-73D127A989D2}.Release|ARM.Build.0 = Release|ARM
		{3FE02870-595B-46E1-B8E4-73D127A989D2}.Release|ARM.Deploy.0 = Release|ARM
		{3FE02870-595B-46E1-B8E4-73D127A989D2}.Release|iPhone.ActiveCfg = Release|x86
		{3FE02870-595B-46E1-B8E4-73D127A989D2}.Release|iPhoneSimulator.ActiveCfg = Release|x86
		{3FE02870-595B-46E1-B8E4-73D127A989D2}.Release|x64.ActiveCfg = Release|x64
		{3FE02870-595B-46E1-B8E4-73D127A989D2}.Release|x64.Build.0 = Release|x64
		{3FE02870-595B-46E1-B8E4-73D127A989D2}.Release|x64.Deploy.0 = Release|x64
		{3FE02870-595B-46E1-B8E4-73D127A989D2}.Release|x86.ActiveCfg = Release|x86
		{3FE02870-595B-46E1-B8E4-73D127A989D2}.Release|x86.Build.0 = Release|x86
		{3FE02870-595B-46E1-B8E4-73D127A989D2}.Release|x86.Deploy.0 = Release|x86
		{808B65F4-13F8-47CB-AF3B-032BAB12E83D}.Ad-Hoc|Any CPU.ActiveCfg = Ad-Hoc|iPhoneSimulator
		{808B65F4-13F8-47CB-AF3B-032BAB12E83D}.Ad-Hoc|ARM.ActiveCfg = Ad-Hoc|iPhone
		{808B65F4-13F8-47CB-AF3B-032BAB12E83D}.Ad-Hoc|iPhone.ActiveCfg = Ad-Hoc|iPhone
		{808B65F4-13F8-47CB-AF3B-032BAB12E83D}.Ad-Hoc|iPhone.Build.0 = Ad-Hoc|iPhone
		{808B65F4-13F8-47CB-AF3B-032BAB12E83D}.Ad-Hoc|iPhoneSimulator.ActiveCfg = Ad-Hoc|iPhoneSimulator
		{808B65F4-13F8-47CB-AF3B-032BAB12E83D}.Ad-Hoc|iPhoneSimulator.Build.0 = Ad-Hoc|iPhoneSimulator
		{808B65F4-13F8-47CB-AF3B-032BAB12E83D}.Ad-Hoc|x64.ActiveCfg = Ad-Hoc|iPhone
		{808B65F4-13F8-47CB-AF3B-032BAB12E83D}.Ad-Hoc|x86.ActiveCfg = Ad-Hoc|iPhone
		{808B65F4-13F8-47CB-AF3B-032BAB12E83D}.AppStore|Any CPU.ActiveCfg = AppStore|iPhoneSimulator
		{808B65F4-13F8-47CB-AF3B-032BAB12E83D}.AppStore|ARM.ActiveCfg = AppStore|iPhone
		{808B65F4-13F8-47CB-AF3B-032BAB12E83D}.AppStore|iPhone.ActiveCfg = AppStore|iPhone
		{808B65F4-13F8-47CB-AF3B-032BAB12E83D}.AppStore|iPhone.Build.0 = AppStore|iPhone
		{808B65F4-13F8-47CB-AF3B-032BAB12E83D}.AppStore|iPhoneSimulator.ActiveCfg = AppStore|iPhoneSimulator
		{808B65F4-13F8-47CB-AF3B-032BAB12E83D}.AppStore|iPhoneSimulator.Build.0 = AppStore|iPhoneSimulator
		{808B65F4-13F8-47CB-AF3B-032BAB12E83D}.AppStore|x64.ActiveCfg = AppStore|iPhone
		{808B65F4-13F8-47CB-AF3B-032BAB12E83D}.AppStore|x86.ActiveCfg = AppStore|iPhone
		{808B65F4-13F8-47CB-AF3B-032BAB12E83D}.Debug|Any CPU.ActiveCfg = Debug|iPhoneSimulator
		{808B65F4-13F8-47CB-AF3B-032BAB12E83D}.Debug|ARM.ActiveCfg = Debug|iPhone
		{808B65F4-13F8-47CB-AF3B-032BAB12E83D}.Debug|iPhone.ActiveCfg = Debug|iPhone
		{808B65F4-13F8-47CB-AF3B-032BAB12E83D}.Debug|iPhone.Build.0 = Debug|iPhone
		{808B65F4-13F8-47CB-AF3B-032BAB12E83D}.Debug|iPhoneSimulator.ActiveCfg = Debug|iPhoneSimulator
		{808B65F4-13F8-47CB-AF3B-032BAB12E83D}.Debug|iPhoneSimulator.Build.0 = Debug|iPhoneSimulator
		{808B65F4-13F8-47CB-AF3B-032BAB12E83D}.Debug|x64.ActiveCfg = Debug|iPhone
		{808B65F4-13F8-47CB-AF3B-032BAB12E83D}.Debug|x86.ActiveCfg = Debug|iPhone
		{808B65F4-13F8-47CB-AF3B-032BAB12E83D}.Release|Any CPU.ActiveCfg = Release|iPhoneSimulator
		{808B65F4-13F8-47CB-AF3B-032BAB12E83D}.Release|ARM.ActiveCfg = Release|iPhone
		{808B65F4-13F8-47CB-AF3B-032BAB12E83D}.Release|iPhone.ActiveCfg = Release|iPhone
		{808B65F4-13F8-47CB-AF3B-032BAB12E83D}.Release|iPhone.Build.0 = Release|iPhone
		{808B65F4-13F8-47CB-AF3B-032BAB12E83D}.Release|iPhoneSimulator.ActiveCfg = Release|iPhoneSimulator
		{808B65F4-13F8-47CB-AF3B-032BAB12E83D}.Release|iPhoneSimulator.Build.0 = Release|iPhoneSimulator
		{808B65F4-13F8-47CB-AF3B-032BAB12E83D}.Release|x64.ActiveCfg = Release|iPhone
		{808B65F4-13F8-47CB-AF3B-032BAB12E83D}.Release|x86.ActiveCfg = Release|iPhone
	EndGlobalSection
	GlobalSection(SolutionProperties) = preSolution
		HideSolutionNode = FALSE
	EndGlobalSection
	GlobalSection(ExtensibilityGlobals) = postSolution
		SolutionGuid = {4E7CFD72-EF02-4F53-AD4D-1E628C79C242}
	EndGlobalSection
EndGlobal
