
Microsoft Visual Studio Solution File, Format Version 12.00
# Visual Studio 15
VisualStudioVersion = 15.0.27004.2005
MinimumVisualStudioVersion = 10.0.40219.1
Project("{FAE04EC0-301F-11D3-BF4B-00C04F79EFBC}") = "XamarinI8n.Android", "XamarinI8n\XamarinI8n.Android\XamarinI8n.Android.csproj", "{9A80543C-3817-48BA-B482-5B324D4F5A7B}"
EndProject
Project("{FAE04EC0-301F-11D3-BF4B-00C04F79EFBC}") = "XamarinI8n", "XamarinI8n\XamarinI8n\XamarinI8n.csproj", "{67035A8B-12A9-4641-B8E3-467145D914F6}"
EndProject
Project("{FAE04EC0-301F-11D3-BF4B-00C04F79EFBC}") = "XamarinI8n.UWP", "XamarinI8n\XamarinI8n.UWP\XamarinI8n.UWP.csproj", "{25AAAEF6-C294-4132-BCD3-586615CF077E}"
EndProject
Project("{FAE04EC0-301F-11D3-BF4B-00C04F79EFBC}") = "XamarinI8n.iOS", "XamarinI8n\XamarinI8n.iOS\XamarinI8n.iOS.csproj", "{0215BAC3-360D-4CC0-9B0D-5D6DFC8C7BD3}"
EndProject
Global
	GlobalSection(SolutionConfigurationPlatforms) = preSolution
		Ad-Hoc|Any CPU = Ad-Hoc|Any CPU
		Ad-Hoc|ARM = Ad-Hoc|ARM
		Ad-Hoc|iPhone = Ad-Hoc|iPhone
		Ad-Hoc|iPhoneSimulator = Ad-Hoc|iPhoneSimulator
		Ad-Hoc|x64 = Ad-Hoc|x64
		Ad-Hoc|x86 = Ad-Hoc|x86
		AppStore|Any CPU = AppStore|Any CPU
		AppStore|ARM = AppStore|ARM
		AppStore|iPhone = AppStore|iPhone
		AppStore|iPhoneSimulator = AppStore|iPhoneSimulator
		AppStore|x64 = AppStore|x64
		AppStore|x86 = AppStore|x86
		Debug|Any CPU = Debug|Any CPU
		Debug|ARM = Debug|ARM
		Debug|iPhone = Debug|iPhone
		Debug|iPhoneSimulator = Debug|iPhoneSimulator
		Debug|x64 = Debug|x64
		Debug|x86 = Debug|x86
		Release|Any CPU = Release|Any CPU
		Release|ARM = Release|ARM
		Release|iPhone = Release|iPhone
		Release|iPhoneSimulator = Release|iPhoneSimulator
		Release|x64 = Release|x64
		Release|x86 = Release|x86
	EndGlobalSection
	GlobalSection(ProjectConfigurationPlatforms) = postSolution
		{9A80543C-3817-48BA-B482-5B324D4F5A7B}.Ad-Hoc|Any CPU.ActiveCfg = Release|Any CPU
		{9A80543C-3817-48BA-B482-5B324D4F5A7B}.Ad-Hoc|Any CPU.Build.0 = Release|Any CPU
		{9A80543C-3817-48BA-B482-5B324D4F5A7B}.Ad-Hoc|Any CPU.Deploy.0 = Release|Any CPU
		{9A80543C-3817-48BA-B482-5B324D4F5A7B}.Ad-Hoc|ARM.ActiveCfg = Release|Any CPU
		{9A80543C-3817-48BA-B482-5B324D4F5A7B}.Ad-Hoc|ARM.Build.0 = Release|Any CPU
		{9A80543C-3817-48BA-B482-5B324D4F5A7B}.Ad-Hoc|ARM.Deploy.0 = Release|Any CPU
		{9A80543C-3817-48BA-B482-5B324D4F5A7B}.Ad-Hoc|iPhone.ActiveCfg = Release|Any CPU
		{9A80543C-3817-48BA-B482-5B324D4F5A7B}.Ad-Hoc|iPhone.Build.0 = Release|Any CPU
		{9A80543C-3817-48BA-B482-5B324D4F5A7B}.Ad-Hoc|iPhone.Deploy.0 = Release|Any CPU
		{9A80543C-3817-48BA-B482-5B324D4F5A7B}.Ad-Hoc|iPhoneSimulator.ActiveCfg = Release|Any CPU
		{9A80543C-3817-48BA-B482-5B324D4F5A7B}.Ad-Hoc|iPhoneSimulator.Build.0 = Release|Any CPU
		{9A80543C-3817-48BA-B482-5B324D4F5A7B}.Ad-Hoc|iPhoneSimulator.Deploy.0 = Release|Any CPU
		{9A80543C-3817-48BA-B482-5B324D4F5A7B}.Ad-Hoc|x64.ActiveCfg = Release|Any CPU
		{9A80543C-3817-48BA-B482-5B324D4F5A7B}.Ad-Hoc|x64.Build.0 = Release|Any CPU
		{9A80543C-3817-48BA-B482-5B324D4F5A7B}.Ad-Hoc|x64.Deploy.0 = Release|Any CPU
		{9A80543C-3817-48BA-B482-5B324D4F5A7B}.Ad-Hoc|x86.ActiveCfg = Release|Any CPU
		{9A80543C-3817-48BA-B482-5B324D4F5A7B}.Ad-Hoc|x86.Build.0 = Release|Any CPU
		{9A80543C-3817-48BA-B482-5B324D4F5A7B}.Ad-Hoc|x86.Deploy.0 = Release|Any CPU
		{9A80543C-3817-48BA-B482-5B324D4F5A7B}.AppStore|Any CPU.ActiveCfg = Release|Any CPU
		{9A80543C-3817-48BA-B482-5B324D4F5A7B}.AppStore|Any CPU.Build.0 = Release|Any CPU
		{9A80543C-3817-48BA-B482-5B324D4F5A7B}.AppStore|Any CPU.Deploy.0 = Release|Any CPU
		{9A80543C-3817-48BA-B482-5B324D4F5A7B}.AppStore|ARM.ActiveCfg = Release|Any CPU
		{9A80543C-3817-48BA-B482-5B324D4F5A7B}.AppStore|ARM.Build.0 = Release|Any CPU
		{9A80543C-3817-48BA-B482-5B324D4F5A7B}.AppStore|ARM.Deploy.0 = Release|Any CPU
		{9A80543C-3817-48BA-B482-5B324D4F5A7B}.AppStore|iPhone.ActiveCfg = Release|Any CPU
		{9A80543C-3817-48BA-B482-5B324D4F5A7B}.AppStore|iPhone.Build.0 = Release|Any CPU
		{9A80543C-3817-48BA-B482-5B324D4F5A7B}.AppStore|iPhone.Deploy.0 = Release|Any CPU
		{9A80543C-3817-48BA-B482-5B324D4F5A7B}.AppStore|iPhoneSimulator.ActiveCfg = Release|Any CPU
		{9A80543C-3817-48BA-B482-5B324D4F5A7B}.AppStore|iPhoneSimulator.Build.0 = Release|Any CPU
		{9A80543C-3817-48BA-B482-5B324D4F5A7B}.AppStore|iPhoneSimulator.Deploy.0 = Release|Any CPU
		{9A80543C-3817-48BA-B482-5B324D4F5A7B}.AppStore|x64.ActiveCfg = Release|Any CPU
		{9A80543C-3817-48BA-B482-5B324D4F5A7B}.AppStore|x64.Build.0 = Release|Any CPU
		{9A80543C-3817-48BA-B482-5B324D4F5A7B}.AppStore|x64.Deploy.0 = Release|Any CPU
		{9A80543C-3817-48BA-B482-5B324D4F5A7B}.AppStore|x86.ActiveCfg = Release|Any CPU
		{9A80543C-3817-48BA-B482-5B324D4F5A7B}.AppStore|x86.Build.0 = Release|Any CPU
		{9A80543C-3817-48BA-B482-5B324D4F5A7B}.AppStore|x86.Deploy.0 = Release|Any CPU
		{9A80543C-3817-48BA-B482-5B324D4F5A7B}.Debug|Any CPU.ActiveCfg = Debug|Any CPU
		{9A80543C-3817-48BA-B482-5B324D4F5A7B}.Debug|Any CPU.Build.0 = Debug|Any CPU
		{9A80543C-3817-48BA-B482-5B324D4F5A7B}.Debug|Any CPU.Deploy.0 = Debug|Any CPU
		{9A80543C-3817-48BA-B482-5B324D4F5A7B}.Debug|ARM.ActiveCfg = Debug|Any CPU
		{9A80543C-3817-48BA-B482-5B324D4F5A7B}.Debug|ARM.Build.0 = Debug|Any CPU
		{9A80543C-3817-48BA-B482-5B324D4F5A7B}.Debug|ARM.Deploy.0 = Debug|Any CPU
		{9A80543C-3817-48BA-B482-5B324D4F5A7B}.Debug|iPhone.ActiveCfg = Debug|Any CPU
		{9A80543C-3817-48BA-B482-5B324D4F5A7B}.Debug|iPhone.Build.0 = Debug|Any CPU
		{9A80543C-3817-48BA-B482-5B324D4F5A7B}.Debug|iPhone.Deploy.0 = Debug|Any CPU
		{9A80543C-3817-48BA-B482-5B324D4F5A7B}.Debug|iPhoneSimulator.ActiveCfg = Debug|Any CPU
		{9A80543C-3817-48BA-B482-5B324D4F5A7B}.Debug|iPhoneSimulator.Build.0 = Debug|Any CPU
		{9A80543C-3817-48BA-B482-5B324D4F5A7B}.Debug|iPhoneSimulator.Deploy.0 = Debug|Any CPU
		{9A80543C-3817-48BA-B482-5B324D4F5A7B}.Debug|x64.ActiveCfg = Debug|Any CPU
		{9A80543C-3817-48BA-B482-5B324D4F5A7B}.Debug|x64.Build.0 = Debug|Any CPU
		{9A80543C-3817-48BA-B482-5B324D4F5A7B}.Debug|x64.Deploy.0 = Debug|Any CPU
		{9A80543C-3817-48BA-B482-5B324D4F5A7B}.Debug|x86.ActiveCfg = Debug|Any CPU
		{9A80543C-3817-48BA-B482-5B324D4F5A7B}.Debug|x86.Build.0 = Debug|Any CPU
		{9A80543C-3817-48BA-B482-5B324D4F5A7B}.Debug|x86.Deploy.0 = Debug|Any CPU
		{9A80543C-3817-48BA-B482-5B324D4F5A7B}.Release|Any CPU.ActiveCfg = Release|Any CPU
		{9A80543C-3817-48BA-B482-5B324D4F5A7B}.Release|Any CPU.Build.0 = Release|Any CPU
		{9A80543C-3817-48BA-B482-5B324D4F5A7B}.Release|Any CPU.Deploy.0 = Release|Any CPU
		{9A80543C-3817-48BA-B482-5B324D4F5A7B}.Release|ARM.ActiveCfg = Release|Any CPU
		{9A80543C-3817-48BA-B482-5B324D4F5A7B}.Release|ARM.Build.0 = Release|Any CPU
		{9A80543C-3817-48BA-B482-5B324D4F5A7B}.Release|ARM.Deploy.0 = Release|Any CPU
		{9A80543C-3817-48BA-B482-5B324D4F5A7B}.Release|iPhone.ActiveCfg = Release|Any CPU
		{9A80543C-3817-48BA-B482-5B324D4F5A7B}.Release|iPhone.Build.0 = Release|Any CPU
		{9A80543C-3817-48BA-B482-5B324D4F5A7B}.Release|iPhone.Deploy.0 = Release|Any CPU
		{9A80543C-3817-48BA-B482-5B324D4F5A7B}.Release|iPhoneSimulator.ActiveCfg = Release|Any CPU
		{9A80543C-3817-48BA-B482-5B324D4F5A7B}.Release|iPhoneSimulator.Build.0 = Release|Any CPU
		{9A80543C-3817-48BA-B482-5B324D4F5A7B}.Release|iPhoneSimulator.Deploy.0 = Release|Any CPU
		{9A80543C-3817-48BA-B482-5B324D4F5A7B}.Release|x64.ActiveCfg = Release|Any CPU
		{9A80543C-3817-48BA-B482-5B324D4F5A7B}.Release|x64.Build.0 = Release|Any CPU
		{9A80543C-3817-48BA-B482-5B324D4F5A7B}.Release|x64.Deploy.0 = Release|Any CPU
		{9A80543C-3817-48BA-B482-5B324D4F5A7B}.Release|x86.ActiveCfg = Release|Any CPU
		{9A80543C-3817-48BA-B482-5B324D4F5A7B}.Release|x86.Build.0 = Release|Any CPU
		{9A80543C-3817-48BA-B482-5B324D4F5A7B}.Release|x86.Deploy.0 = Release|Any CPU
		{67035A8B-12A9-4641-B8E3-467145D914F6}.Ad-Hoc|Any CPU.ActiveCfg = Release|Any CPU
		{67035A8B-12A9-4641-B8E3-467145D914F6}.Ad-Hoc|Any CPU.Build.0 = Release|Any CPU
		{67035A8B-12A9-4641-B8E3-467145D914F6}.Ad-Hoc|ARM.ActiveCfg = Release|Any CPU
		{67035A8B-12A9-4641-B8E3-467145D914F6}.Ad-Hoc|ARM.Build.0 = Release|Any CPU
		{67035A8B-12A9-4641-B8E3-467145D914F6}.Ad-Hoc|iPhone.ActiveCfg = Release|Any CPU
		{67035A8B-12A9-4641-B8E3-467145D914F6}.Ad-Hoc|iPhone.Build.0 = Release|Any CPU
		{67035A8B-12A9-4641-B8E3-467145D914F6}.Ad-Hoc|iPhoneSimulator.ActiveCfg = Release|Any CPU
		{67035A8B-12A9-4641-B8E3-467145D914F6}.Ad-Hoc|iPhoneSimulator.Build.0 = Release|Any CPU
		{67035A8B-12A9-4641-B8E3-467145D914F6}.Ad-Hoc|x64.ActiveCfg = Release|Any CPU
		{67035A8B-12A9-4641-B8E3-467145D914F6}.Ad-Hoc|x64.Build.0 = Release|Any CPU
		{67035A8B-12A9-4641-B8E3-467145D914F6}.Ad-Hoc|x86.ActiveCfg = Release|Any CPU
		{67035A8B-12A9-4641-B8E3-467145D914F6}.Ad-Hoc|x86.Build.0 = Release|Any CPU
		{67035A8B-12A9-4641-B8E3-467145D914F6}.AppStore|Any CPU.ActiveCfg = Release|Any CPU
		{67035A8B-12A9-4641-B8E3-467145D914F6}.AppStore|Any CPU.Build.0 = Release|Any CPU
		{67035A8B-12A9-4641-B8E3-467145D914F6}.AppStore|ARM.ActiveCfg = Release|Any CPU
		{67035A8B-12A9-4641-B8E3-467145D914F6}.AppStore|ARM.Build.0 = Release|Any CPU
		{67035A8B-12A9-4641-B8E3-467145D914F6}.AppStore|iPhone.ActiveCfg = Release|Any CPU
		{67035A8B-12A9-4641-B8E3-467145D914F6}.AppStore|iPhone.Build.0 = Release|Any CPU
		{67035A8B-12A9-4641-B8E3-467145D914F6}.AppStore|iPhoneSimulator.ActiveCfg = Release|Any CPU
		{67035A8B-12A9-4641-B8E3-467145D914F6}.AppStore|iPhoneSimulator.Build.0 = Release|Any CPU
		{67035A8B-12A9-4641-B8E3-467145D914F6}.AppStore|x64.ActiveCfg = Release|Any CPU
		{67035A8B-12A9-4641-B8E3-467145D914F6}.AppStore|x64.Build.0 = Release|Any CPU
		{67035A8B-12A9-4641-B8E3-467145D914F6}.AppStore|x86.ActiveCfg = Release|Any CPU
		{67035A8B-12A9-4641-B8E3-467145D914F6}.AppStore|x86.Build.0 = Release|Any CPU
		{67035A8B-12A9-4641-B8E3-467145D914F6}.Debug|Any CPU.ActiveCfg = Debug|Any CPU
		{67035A8B-12A9-4641-B8E3-467145D914F6}.Debug|Any CPU.Build.0 = Debug|Any CPU
		{67035A8B-12A9-4641-B8E3-467145D914F6}.Debug|ARM.ActiveCfg = Debug|Any CPU
		{67035A8B-12A9-4641-B8E3-467145D914F6}.Debug|ARM.Build.0 = Debug|Any CPU
		{67035A8B-12A9-4641-B8E3-467145D914F6}.Debug|iPhone.ActiveCfg = Debug|Any CPU
		{67035A8B-12A9-4641-B8E3-467145D914F6}.Debug|iPhone.Build.0 = Debug|Any CPU
		{67035A8B-12A9-4641-B8E3-467145D914F6}.Debug|iPhoneSimulator.ActiveCfg = Debug|Any CPU
		{67035A8B-12A9-4641-B8E3-467145D914F6}.Debug|iPhoneSimulator.Build.0 = Debug|Any CPU
		{67035A8B-12A9-4641-B8E3-467145D914F6}.Debug|x64.ActiveCfg = Debug|Any CPU
		{67035A8B-12A9-4641-B8E3-467145D914F6}.Debug|x64.Build.0 = Debug|Any CPU
		{67035A8B-12A9-4641-B8E3-467145D914F6}.Debug|x86.ActiveCfg = Debug|Any CPU
		{67035A8B-12A9-4641-B8E3-467145D914F6}.Debug|x86.Build.0 = Debug|Any CPU
		{67035A8B-12A9-4641-B8E3-467145D914F6}.Release|Any CPU.ActiveCfg = Release|Any CPU
		{67035A8B-12A9-4641-B8E3-467145D914F6}.Release|Any CPU.Build.0 = Release|Any CPU
		{67035A8B-12A9-4641-B8E3-467145D914F6}.Release|ARM.ActiveCfg = Release|Any CPU
		{67035A8B-12A9-4641-B8E3-467145D914F6}.Release|ARM.Build.0 = Release|Any CPU
		{67035A8B-12A9-4641-B8E3-467145D914F6}.Release|iPhone.ActiveCfg = Release|Any CPU
		{67035A8B-12A9-4641-B8E3-467145D914F6}.Release|iPhone.Build.0 = Release|Any CPU
		{67035A8B-12A9-4641-B8E3-467145D914F6}.Release|iPhoneSimulator.ActiveCfg = Release|Any CPU
		{67035A8B-12A9-4641-B8E3-467145D914F6}.Release|iPhoneSimulator.Build.0 = Release|Any CPU
		{67035A8B-12A9-4641-B8E3-467145D914F6}.Release|x64.ActiveCfg = Release|Any CPU
		{67035A8B-12A9-4641-B8E3-467145D914F6}.Release|x64.Build.0 = Release|Any CPU
		{67035A8B-12A9-4641-B8E3-467145D914F6}.Release|x86.ActiveCfg = Release|Any CPU
		{67035A8B-12A9-4641-B8E3-467145D914F6}.Release|x86.Build.0 = Release|Any CPU
		{25AAAEF6-C294-4132-BCD3-586615CF077E}.Ad-Hoc|Any CPU.ActiveCfg = Release|x86
		{25AAAEF6-C294-4132-BCD3-586615CF077E}.Ad-Hoc|Any CPU.Build.0 = Release|x86
		{25AAAEF6-C294-4132-BCD3-586615CF077E}.Ad-Hoc|Any CPU.Deploy.0 = Release|x86
		{25AAAEF6-C294-4132-BCD3-586615CF077E}.Ad-Hoc|ARM.ActiveCfg = Release|ARM
		{25AAAEF6-C294-4132-BCD3-586615CF077E}.Ad-Hoc|ARM.Build.0 = Release|ARM
		{25AAAEF6-C294-4132-BCD3-586615CF077E}.Ad-Hoc|ARM.Deploy.0 = Release|ARM
		{25AAAEF6-C294-4132-BCD3-586615CF077E}.Ad-Hoc|iPhone.ActiveCfg = Release|x86
		{25AAAEF6-C294-4132-BCD3-586615CF077E}.Ad-Hoc|iPhone.Build.0 = Release|x86
		{25AAAEF6-C294-4132-BCD3-586615CF077E}.Ad-Hoc|iPhone.Deploy.0 = Release|x86
		{25AAAEF6-C294-4132-BCD3-586615CF077E}.Ad-Hoc|iPhoneSimulator.ActiveCfg = Release|x86
		{25AAAEF6-C294-4132-BCD3-586615CF077E}.Ad-Hoc|iPhoneSimulator.Build.0 = Release|x86
		{25AAAEF6-C294-4132-BCD3-586615CF077E}.Ad-Hoc|iPhoneSimulator.Deploy.0 = Release|x86
		{25AAAEF6-C294-4132-BCD3-586615CF077E}.Ad-Hoc|x64.ActiveCfg = Release|x64
		{25AAAEF6-C294-4132-BCD3-586615CF077E}.Ad-Hoc|x64.Build.0 = Release|x64
		{25AAAEF6-C294-4132-BCD3-586615CF077E}.Ad-Hoc|x64.Deploy.0 = Release|x64
		{25AAAEF6-C294-4132-BCD3-586615CF077E}.Ad-Hoc|x86.ActiveCfg = Release|x86
		{25AAAEF6-C294-4132-BCD3-586615CF077E}.Ad-Hoc|x86.Build.0 = Release|x86
		{25AAAEF6-C294-4132-BCD3-586615CF077E}.Ad-Hoc|x86.Deploy.0 = Release|x86
		{25AAAEF6-C294-4132-BCD3-586615CF077E}.AppStore|Any CPU.ActiveCfg = Release|x86
		{25AAAEF6-C294-4132-BCD3-586615CF077E}.AppStore|Any CPU.Build.0 = Release|x86
		{25AAAEF6-C294-4132-BCD3-586615CF077E}.AppStore|Any CPU.Deploy.0 = Release|x86
		{25AAAEF6-C294-4132-BCD3-586615CF077E}.AppStore|ARM.ActiveCfg = Release|ARM
		{25AAAEF6-C294-4132-BCD3-586615CF077E}.AppStore|ARM.Build.0 = Release|ARM
		{25AAAEF6-C294-4132-BCD3-586615CF077E}.AppStore|ARM.Deploy.0 = Release|ARM
		{25AAAEF6-C294-4132-BCD3-586615CF077E}.AppStore|iPhone.ActiveCfg = Release|x86
		{25AAAEF6-C294-4132-BCD3-586615CF077E}.AppStore|iPhone.Build.0 = Release|x86
		{25AAAEF6-C294-4132-BCD3-586615CF077E}.AppStore|iPhone.Deploy.0 = Release|x86
		{25AAAEF6-C294-4132-BCD3-586615CF077E}.AppStore|iPhoneSimulator.ActiveCfg = Release|x86
		{25AAAEF6-C294-4132-BCD3-586615CF077E}.AppStore|iPhoneSimulator.Build.0 = Release|x86
		{25AAAEF6-C294-4132-BCD3-586615CF077E}.AppStore|iPhoneSimulator.Deploy.0 = Release|x86
		{25AAAEF6-C294-4132-BCD3-586615CF077E}.AppStore|x64.ActiveCfg = Release|x64
		{25AAAEF6-C294-4132-BCD3-586615CF077E}.AppStore|x64.Build.0 = Release|x64
		{25AAAEF6-C294-4132-BCD3-586615CF077E}.AppStore|x64.Deploy.0 = Release|x64
		{25AAAEF6-C294-4132-BCD3-586615CF077E}.AppStore|x86.ActiveCfg = Release|x86
		{25AAAEF6-C294-4132-BCD3-586615CF077E}.AppStore|x86.Build.0 = Release|x86
		{25AAAEF6-C294-4132-BCD3-586615CF077E}.AppStore|x86.Deploy.0 = Release|x86
		{25AAAEF6-C294-4132-BCD3-586615CF077E}.Debug|Any CPU.ActiveCfg = Debug|x86
		{25AAAEF6-C294-4132-BCD3-586615CF077E}.Debug|ARM.ActiveCfg = Debug|ARM
		{25AAAEF6-C294-4132-BCD3-586615CF077E}.Debug|ARM.Build.0 = Debug|ARM
		{25AAAEF6-C294-4132-BCD3-586615CF077E}.Debug|ARM.Deploy.0 = Debug|ARM
		{25AAAEF6-C294-4132-BCD3-586615CF077E}.Debug|iPhone.ActiveCfg = Debug|x86
		{25AAAEF6-C294-4132-BCD3-586615CF077E}.Debug|iPhoneSimulator.ActiveCfg = Debug|x86
		{25AAAEF6-C294-4132-BCD3-586615CF077E}.Debug|x64.ActiveCfg = Debug|x64
		{25AAAEF6-C294-4132-BCD3-586615CF077E}.Debug|x64.Build.0 = Debug|x64
		{25AAAEF6-C294-4132-BCD3-586615CF077E}.Debug|x64.Deploy.0 = Debug|x64
		{25AAAEF6-C294-4132-BCD3-586615CF077E}.Debug|x86.ActiveCfg = Debug|x86
		{25AAAEF6-C294-4132-BCD3-586615CF077E}.Debug|x86.Build.0 = Debug|x86
		{25AAAEF6-C294-4132-BCD3-586615CF077E}.Debug|x86.Deploy.0 = Debug|x86
		{25AAAEF6-C294-4132-BCD3-586615CF077E}.Release|Any CPU.ActiveCfg = Release|x86
		{25AAAEF6-C294-4132-BCD3-586615CF077E}.Release|ARM.ActiveCfg = Release|ARM
		{25AAAEF6-C294-4132-BCD3-586615CF077E}.Release|ARM.Build.0 = Release|ARM
		{25AAAEF6-C294-4132-BCD3-586615CF077E}.Release|ARM.Deploy.0 = Release|ARM
		{25AAAEF6-C294-4132-BCD3-586615CF077E}.Release|iPhone.ActiveCfg = Release|x86
		{25AAAEF6-C294-4132-BCD3-586615CF077E}.Release|iPhoneSimulator.ActiveCfg = Release|x86
		{25AAAEF6-C294-4132-BCD3-586615CF077E}.Release|x64.ActiveCfg = Release|x64
		{25AAAEF6-C294-4132-BCD3-586615CF077E}.Release|x64.Build.0 = Release|x64
		{25AAAEF6-C294-4132-BCD3-586615CF077E}.Release|x64.Deploy.0 = Release|x64
		{25AAAEF6-C294-4132-BCD3-586615CF077E}.Release|x86.ActiveCfg = Release|x86
		{25AAAEF6-C294-4132-BCD3-586615CF077E}.Release|x86.Build.0 = Release|x86
		{25AAAEF6-C294-4132-BCD3-586615CF077E}.Release|x86.Deploy.0 = Release|x86
		{0215BAC3-360D-4CC0-9B0D-5D6DFC8C7BD3}.Ad-Hoc|Any CPU.ActiveCfg = Ad-Hoc|iPhoneSimulator
		{0215BAC3-360D-4CC0-9B0D-5D6DFC8C7BD3}.Ad-Hoc|ARM.ActiveCfg = Ad-Hoc|iPhone
		{0215BAC3-360D-4CC0-9B0D-5D6DFC8C7BD3}.Ad-Hoc|iPhone.ActiveCfg = Ad-Hoc|iPhone
		{0215BAC3-360D-4CC0-9B0D-5D6DFC8C7BD3}.Ad-Hoc|iPhone.Build.0 = Ad-Hoc|iPhone
		{0215BAC3-360D-4CC0-9B0D-5D6DFC8C7BD3}.Ad-Hoc|iPhoneSimulator.ActiveCfg = Ad-Hoc|iPhoneSimulator
		{0215BAC3-360D-4CC0-9B0D-5D6DFC8C7BD3}.Ad-Hoc|iPhoneSimulator.Build.0 = Ad-Hoc|iPhoneSimulator
		{0215BAC3-360D-4CC0-9B0D-5D6DFC8C7BD3}.Ad-Hoc|x64.ActiveCfg = Ad-Hoc|iPhone
		{0215BAC3-360D-4CC0-9B0D-5D6DFC8C7BD3}.Ad-Hoc|x86.ActiveCfg = Ad-Hoc|iPhone
		{0215BAC3-360D-4CC0-9B0D-5D6DFC8C7BD3}.AppStore|Any CPU.ActiveCfg = AppStore|iPhoneSimulator
		{0215BAC3-360D-4CC0-9B0D-5D6DFC8C7BD3}.AppStore|ARM.ActiveCfg = AppStore|iPhone
		{0215BAC3-360D-4CC0-9B0D-5D6DFC8C7BD3}.AppStore|iPhone.ActiveCfg = AppStore|iPhone
		{0215BAC3-360D-4CC0-9B0D-5D6DFC8C7BD3}.AppStore|iPhone.Build.0 = AppStore|iPhone
		{0215BAC3-360D-4CC0-9B0D-5D6DFC8C7BD3}.AppStore|iPhoneSimulator.ActiveCfg = AppStore|iPhoneSimulator
		{0215BAC3-360D-4CC0-9B0D-5D6DFC8C7BD3}.AppStore|iPhoneSimulator.Build.0 = AppStore|iPhoneSimulator
		{0215BAC3-360D-4CC0-9B0D-5D6DFC8C7BD3}.AppStore|x64.ActiveCfg = AppStore|iPhone
		{0215BAC3-360D-4CC0-9B0D-5D6DFC8C7BD3}.AppStore|x86.ActiveCfg = AppStore|iPhone
		{0215BAC3-360D-4CC0-9B0D-5D6DFC8C7BD3}.Debug|Any CPU.ActiveCfg = Debug|iPhoneSimulator
		{0215BAC3-360D-4CC0-9B0D-5D6DFC8C7BD3}.Debug|ARM.ActiveCfg = Debug|iPhone
		{0215BAC3-360D-4CC0-9B0D-5D6DFC8C7BD3}.Debug|iPhone.ActiveCfg = Debug|iPhone
		{0215BAC3-360D-4CC0-9B0D-5D6DFC8C7BD3}.Debug|iPhone.Build.0 = Debug|iPhone
		{0215BAC3-360D-4CC0-9B0D-5D6DFC8C7BD3}.Debug|iPhoneSimulator.ActiveCfg = Debug|iPhoneSimulator
		{0215BAC3-360D-4CC0-9B0D-5D6DFC8C7BD3}.Debug|iPhoneSimulator.Build.0 = Debug|iPhoneSimulator
		{0215BAC3-360D-4CC0-9B0D-5D6DFC8C7BD3}.Debug|x64.ActiveCfg = Debug|iPhone
		{0215BAC3-360D-4CC0-9B0D-5D6DFC8C7BD3}.Debug|x86.ActiveCfg = Debug|iPhone
		{0215BAC3-360D-4CC0-9B0D-5D6DFC8C7BD3}.Release|Any CPU.ActiveCfg = Release|iPhoneSimulator
		{0215BAC3-360D-4CC0-9B0D-5D6DFC8C7BD3}.Release|ARM.ActiveCfg = Release|iPhone
		{0215BAC3-360D-4CC0-9B0D-5D6DFC8C7BD3}.Release|iPhone.ActiveCfg = Release|iPhone
		{0215BAC3-360D-4CC0-9B0D-5D6DFC8C7BD3}.Release|iPhone.Build.0 = Release|iPhone
		{0215BAC3-360D-4CC0-9B0D-5D6DFC8C7BD3}.Release|iPhoneSimulator.ActiveCfg = Release|iPhoneSimulator
		{0215BAC3-360D-4CC0-9B0D-5D6DFC8C7BD3}.Release|iPhoneSimulator.Build.0 = Release|iPhoneSimulator
		{0215BAC3-360D-4CC0-9B0D-5D6DFC8C7BD3}.Release|x64.ActiveCfg = Release|iPhone
		{0215BAC3-360D-4CC0-9B0D-5D6DFC8C7BD3}.Release|x86.ActiveCfg = Release|iPhone
	EndGlobalSection
	GlobalSection(SolutionProperties) = preSolution
		HideSolutionNode = FALSE
	EndGlobalSection
	GlobalSection(ExtensibilityGlobals) = postSolution
		SolutionGuid = {A864C5F7-2B53-4C61-963A-E4B78BED894A}
	EndGlobalSection
EndGlobal
